
Microsoft Visual Studio Solution File, Format Version 12.00
# Visual Studio 15
VisualStudioVersion = 15.0.27428.2015
MinimumVisualStudioVersion = 10.0.40219.1
Project("{FAE04EC0-301F-11D3-BF4B-00C04F79EFBC}") = "PruebaPostgreSQL", "PruebaPostgreSQL\PruebaPostgreSQL.csproj", "{425F9743-16AF-4CD5-B05A-FF822D9CBE3F}"
EndProject
Project("{FAE04EC0-301F-11D3-BF4B-00C04F79EFBC}") = "PostgreSQL.AspNet.Identity.EntityFramework", "PostgreSQL\PostgreSQL.AspNet.Identity.EntityFramework.csproj", "{FA718219-F0D7-4E24-855F-3CB01C2A857E}"
EndProject
Global
	GlobalSection(SubversionScc) = preSolution
		Svn-Managed = True
		Manager = AnkhSVN - Subversion Support for Visual Studio
	EndGlobalSection
	GlobalSection(SolutionConfigurationPlatforms) = preSolution
		Debug|Any CPU = Debug|Any CPU
		Release|Any CPU = Release|Any CPU
	EndGlobalSection
	GlobalSection(ProjectConfigurationPlatforms) = postSolution
		{425F9743-16AF-4CD5-B05A-FF822D9CBE3F}.Debug|Any CPU.ActiveCfg = Debug|Any CPU
		{425F9743-16AF-4CD5-B05A-FF822D9CBE3F}.Debug|Any CPU.Build.0 = Debug|Any CPU
		{425F9743-16AF-4CD5-B05A-FF822D9CBE3F}.Release|Any CPU.ActiveCfg = Release|Any CPU
		{425F9743-16AF-4CD5-B05A-FF822D9CBE3F}.Release|Any CPU.Build.0 = Release|Any CPU
		{FA718219-F0D7-4E24-855F-3CB01C2A857E}.Debug|Any CPU.ActiveCfg = Debug|Any CPU
		{FA718219-F0D7-4E24-855F-3CB01C2A857E}.Debug|Any CPU.Build.0 = Debug|Any CPU
		{FA718219-F0D7-4E24-855F-3CB01C2A857E}.Release|Any CPU.ActiveCfg = Release|Any CPU
		{FA718219-F0D7-4E24-855F-3CB01C2A857E}.Release|Any CPU.Build.0 = Release|Any CPU
	EndGlobalSection
	GlobalSection(SolutionProperties) = preSolution
		HideSolutionNode = FALSE
	EndGlobalSection
	GlobalSection(ExtensibilityGlobals) = postSolution
		SolutionGuid = {8958CB35-28C5-445D-B89E-010AA2647AF2}
	EndGlobalSection
EndGlobal
